
Microsoft Visual Studio Solution File, Format Version 12.00
# Visual Studio Version 16
VisualStudioVersion = 16.0.30114.105
MinimumVisualStudioVersion = 10.0.40219.1
Project("{FAE04EC0-301F-11D3-BF4B-00C04F79EFBC}") = "SudokuSolver", "SudokuSolver\SudokuSolver.csproj", "{35D5BF03-0A5F-43DA-9CF1-F45AE2AA9D77}"
EndProject
Project("{FAE04EC0-301F-11D3-BF4B-00C04F79EFBC}") = "SudokuSolverTests", "SudokuSolverTests\SudokuSolverTests.csproj", "{BC185870-0EEE-4F48-A130-0F2CD2357E6B}"
EndProject
Global
	GlobalSection(SolutionConfigurationPlatforms) = preSolution
		Debug|Any CPU = Debug|Any CPU
		Release|Any CPU = Release|Any CPU
	EndGlobalSection
	GlobalSection(ProjectConfigurationPlatforms) = postSolution
		{35D5BF03-0A5F-43DA-9CF1-F45AE2AA9D77}.Debug|Any CPU.ActiveCfg = Debug|Any CPU
		{35D5BF03-0A5F-43DA-9CF1-F45AE2AA9D77}.Debug|Any CPU.Build.0 = Debug|Any CPU
		{35D5BF03-0A5F-43DA-9CF1-F45AE2AA9D77}.Release|Any CPU.ActiveCfg = Release|Any CPU
		{35D5BF03-0A5F-43DA-9CF1-F45AE2AA9D77}.Release|Any CPU.Build.0 = Release|Any CPU
		{BC185870-0EEE-4F48-A130-0F2CD2357E6B}.Debug|Any CPU.ActiveCfg = Debug|Any CPU
		{BC185870-0EEE-4F48-A130-0F2CD2357E6B}.Debug|Any CPU.Build.0 = Debug|Any CPU
		{BC185870-0EEE-4F48-A130-0F2CD2357E6B}.Release|Any CPU.ActiveCfg = Release|Any CPU
		{BC185870-0EEE-4F48-A130-0F2CD2357E6B}.Release|Any CPU.Build.0 = Release|Any CPU
	EndGlobalSection
	GlobalSection(SolutionProperties) = preSolution
		HideSolutionNode = FALSE
	EndGlobalSection
	GlobalSection(ExtensibilityGlobals) = postSolution
		SolutionGuid = {7B062C0C-EA6E-496C-AD77-1A328673F7EB}
	EndGlobalSection
EndGlobal
